
Microsoft Visual Studio Solution File, Format Version 10.00
# Visual Studio 2008
Project("{8BC9CEB8-8B4A-11D0-8D11-00A0C91BC942}") = "THREAD 1", "THREAD 1\THREAD 1.vcproj", "{CBE84F35-3DC3-4082-8170-A369C27C98CF}"
EndProject
Project("{8BC9CEB8-8B4A-11D0-8D11-00A0C91BC942}") = "THREAD 2", "THREAD 2\THREAD 2.vcproj", "{2134ABA9-8DE2-4D2A-A834-488B11D8B3EC}"
EndProject
Project("{8BC9CEB8-8B4A-11D0-8D11-00A0C91BC942}") = "THREAD 0", "THREAD 0\THREAD 0.vcproj", "{35399743-4439-4C41-A835-182EE5A385F2}"
EndProject
Project("{8BC9CEB8-8B4A-11D0-8D11-00A0C91BC942}") = "THREAD 3", "THREAD 3\THREAD 3.vcproj", "{1718C1E9-366A-4A28-858C-1F4140397229}"
EndProject
Project("{8BC9CEB8-8B4A-11D0-8D11-00A0C91BC942}") = "THREAD 4", "THREAD 4\THREAD 4.vcproj", "{D6927183-85C6-40E1-827B-7FF62F797160}"
EndProject
Project("{8BC9CEB8-8B4A-11D0-8D11-00A0C91BC942}") = "THREAD 5", "THREAD 5\THREAD 5.vcproj", "{D2F62172-0DCC-40E0-BF20-673B4063E797}"
EndProject
Project("{8BC9CEB8-8B4A-11D0-8D11-00A0C91BC942}") = "THREAD 6", "THREAD 6\THREAD 6.vcproj", "{BD546078-6CB0-4D74-905C-8C6CD88359E9}"
EndProject
Project("{8BC9CEB8-8B4A-11D0-8D11-00A0C91BC942}") = "THREAD 7", "THREAD 7\THREAD 7.vcproj", "{48A7C9EA-A870-4820-B61D-B1A7093734D2}"
EndProject
Global
	GlobalSection(SolutionConfigurationPlatforms) = preSolution
		Debug|Win32 = Debug|Win32
		Release|Win32 = Release|Win32
	EndGlobalSection
	GlobalSection(ProjectConfigurationPlatforms) = postSolution
		{CBE84F35-3DC3-4082-8170-A369C27C98CF}.Debug|Win32.ActiveCfg = Debug|Win32
		{CBE84F35-3DC3-4082-8170-A369C27C98CF}.Debug|Win32.Build.0 = Debug|Win32
		{CBE84F35-3DC3-4082-8170-A369C27C98CF}.Release|Win32.ActiveCfg = Release|Win32
		{CBE84F35-3DC3-4082-8170-A369C27C98CF}.Release|Win32.Build.0 = Release|Win32
		{2134ABA9-8DE2-4D2A-A834-488B11D8B3EC}.Debug|Win32.ActiveCfg = Debug|Win32
		{2134ABA9-8DE2-4D2A-A834-488B11D8B3EC}.Debug|Win32.Build.0 = Debug|Win32
		{2134ABA9-8DE2-4D2A-A834-488B11D8B3EC}.Release|Win32.ActiveCfg = Release|Win32
		{2134ABA9-8DE2-4D2A-A834-488B11D8B3EC}.Release|Win32.Build.0 = Release|Win32
		{35399743-4439-4C41-A835-182EE5A385F2}.Debug|Win32.ActiveCfg = Debug|Win32
		{35399743-4439-4C41-A835-182EE5A385F2}.Debug|Win32.Build.0 = Debug|Win32
		{35399743-4439-4C41-A835-182EE5A385F2}.Release|Win32.ActiveCfg = Release|Win32
		{35399743-4439-4C41-A835-182EE5A385F2}.Release|Win32.Build.0 = Release|Win32
		{1718C1E9-366A-4A28-858C-1F4140397229}.Debug|Win32.ActiveCfg = Debug|Win32
		{1718C1E9-366A-4A28-858C-1F4140397229}.Debug|Win32.Build.0 = Debug|Win32
		{1718C1E9-366A-4A28-858C-1F4140397229}.Release|Win32.ActiveCfg = Release|Win32
		{1718C1E9-366A-4A28-858C-1F4140397229}.Release|Win32.Build.0 = Release|Win32
		{D6927183-85C6-40E1-827B-7FF62F797160}.Debug|Win32.ActiveCfg = Debug|Win32
		{D6927183-85C6-40E1-827B-7FF62F797160}.Debug|Win32.Build.0 = Debug|Win32
		{D6927183-85C6-40E1-827B-7FF62F797160}.Release|Win32.ActiveCfg = Release|Win32
		{D6927183-85C6-40E1-827B-7FF62F797160}.Release|Win32.Build.0 = Release|Win32
		{D2F62172-0DCC-40E0-BF20-673B4063E797}.Debug|Win32.ActiveCfg = Debug|Win32
		{D2F62172-0DCC-40E0-BF20-673B4063E797}.Debug|Win32.Build.0 = Debug|Win32
		{D2F62172-0DCC-40E0-BF20-673B4063E797}.Release|Win32.ActiveCfg = Release|Win32
		{D2F62172-0DCC-40E0-BF20-673B4063E797}.Release|Win32.Build.0 = Release|Win32
		{BD546078-6CB0-4D74-905C-8C6CD88359E9}.Debug|Win32.ActiveCfg = Debug|Win32
		{BD546078-6CB0-4D74-905C-8C6CD88359E9}.Debug|Win32.Build.0 = Debug|Win32
		{BD546078-6CB0-4D74-905C-8C6CD88359E9}.Release|Win32.ActiveCfg = Release|Win32
		{BD546078-6CB0-4D74-905C-8C6CD88359E9}.Release|Win32.Build.0 = Release|Win32
		{48A7C9EA-A870-4820-B61D-B1A7093734D2}.Debug|Win32.ActiveCfg = Debug|Win32
		{48A7C9EA-A870-4820-B61D-B1A7093734D2}.Debug|Win32.Build.0 = Debug|Win32
		{48A7C9EA-A870-4820-B61D-B1A7093734D2}.Release|Win32.ActiveCfg = Release|Win32
		{48A7C9EA-A870-4820-B61D-B1A7093734D2}.Release|Win32.Build.0 = Release|Win32
	EndGlobalSection
	GlobalSection(SolutionProperties) = preSolution
		HideSolutionNode = FALSE
	EndGlobalSection
EndGlobal
